// !$*UTF8*$!
{
	archiveVersion = 1;
	classes = {
	};
	objectVersion = 46;
	objects = {

/* Begin PBXBuildFile section */
		18F208DF1F77D9C000E3EBD1 /* AppDelegate.swift in Sources */ = {isa = PBXBuildFile; fileRef = 18F208DE1F77D9C000E3EBD1 /* AppDelegate.swift */; };
		18F208E11F77D9C000E3EBD1 /* ViewController.swift in Sources */ = {isa = PBXBuildFile; fileRef = 18F208E01F77D9C000E3EBD1 /* ViewController.swift */; };
		18F208E41F77D9C000E3EBD1 /* Main.storyboard in Resources */ = {isa = PBXBuildFile; fileRef = 18F208E21F77D9C000E3EBD1 /* Main.storyboard */; };
		18F208E61F77D9C000E3EBD1 /* Assets.xcassets in Resources */ = {isa = PBXBuildFile; fileRef = 18F208E51F77D9C000E3EBD1 /* Assets.xcassets */; };
		18F208E91F77D9C000E3EBD1 /* LaunchScreen.storyboard in Resources */ = {isa = PBXBuildFile; fileRef = 18F208E71F77D9C000E3EBD1 /* LaunchScreen.storyboard */; };
		18F208F41F77D9C000E3EBD1 /* HelloworldTests.swift in Sources */ = {isa = PBXBuildFile; fileRef = 18F208F31F77D9C000E3EBD1 /* HelloworldTests.swift */; };
		18F208FF1F77D9C000E3EBD1 /* HelloworldUITests.swift in Sources */ = {isa = PBXBuildFile; fileRef = 18F208FE1F77D9C000E3EBD1 /* HelloworldUITests.swift */; };
/* End PBXBuildFile section */

/* Begin PBXContainerItemProxy section */
		18F208F01F77D9C000E3EBD1 /* PBXContainerItemProxy */ = {
			isa = PBXContainerItemProxy;
			containerPortal = 18F208D31F77D9BF00E3EBD1 /* Project object */;
			proxyType = 1;
			remoteGlobalIDString = 18F208DA1F77D9BF00E3EBD1;
			remoteInfo = Helloworld;
		};
		18F208FB1F77D9C000E3EBD1 /* PBXContainerItemProxy */ = {
			isa = PBXContainerItemProxy;
			containerPortal = 18F208D31F77D9BF00E3EBD1 /* Project object */;
			proxyType = 1;
			remoteGlobalIDString = 18F208DA1F77D9BF00E3EBD1;
			remoteInfo = Helloworld;
		};
/* End PBXContainerItemProxy section */

/* Begin PBXFileReference section */
		18F208DB1F77D9C000E3EBD1 /* Helloworld.app */ = {isa = PBXFileReference; explicitFileType = wrapper.application; includeInIndex = 0; path = Helloworld.app; sourceTree = BUILT_PRODUCTS_DIR; };
		18F208DE1F77D9C000E3EBD1 /* AppDelegate.swift */ = {isa = PBXFileReference; lastKnownFileType = sourcecode.swift; path = AppDelegate.swift; sourceTree = "<group>"; };
		18F208E01F77D9C000E3EBD1 /* ViewController.swift */ = {isa = PBXFileReference; lastKnownFileType = sourcecode.swift; path = ViewController.swift; sourceTree = "<group>"; };
		18F208E31F77D9C000E3EBD1 /* Base */ = {isa = PBXFileReference; lastKnownFileType = file.storyboard; name = Base; path = Base.lproj/Main.storyboard; sourceTree = "<group>"; };
		18F208E51F77D9C000E3EBD1 /* Assets.xcassets */ = {isa = PBXFileReference; lastKnownFileType = folder.assetcatalog; path = Assets.xcassets; sourceTree = "<group>"; };
		18F208E81F77D9C000E3EBD1 /* Base */ = {isa = PBXFileReference; lastKnownFileType = file.storyboard; name = Base; path = Base.lproj/LaunchScreen.storyboard; sourceTree = "<group>"; };
		18F208EA1F77D9C000E3EBD1 /* Info.plist */ = {isa = PBXFileReference; lastKnownFileType = text.plist.xml; path = Info.plist; sourceTree = "<group>"; };
		18F208EF1F77D9C000E3EBD1 /* HelloworldTests.xctest */ = {isa = PBXFileReference; explicitFileType = wrapper.cfbundle; includeInIndex = 0; path = HelloworldTests.xctest; sourceTree = BUILT_PRODUCTS_DIR; };
		18F208F31F77D9C000E3EBD1 /* HelloworldTests.swift */ = {isa = PBXFileReference; lastKnownFileType = sourcecode.swift; path = HelloworldTests.swift; sourceTree = "<group>"; };
		18F208F51F77D9C000E3EBD1 /* Info.plist */ = {isa = PBXFileReference; lastKnownFileType = text.plist.xml; path = Info.plist; sourceTree = "<group>"; };
		18F208FA1F77D9C000E3EBD1 /* HelloworldUITests.xctest */ = {isa = PBXFileReference; explicitFileType = wrapper.cfbundle; includeInIndex = 0; path = HelloworldUITests.xctest; sourceTree = BUILT_PRODUCTS_DIR; };
		18F208FE1F77D9C000E3EBD1 /* HelloworldUITests.swift */ = {isa = PBXFileReference; lastKnownFileType = sourcecode.swift; path = HelloworldUITests.swift; sourceTree = "<group>"; };
		18F209001F77D9C000E3EBD1 /* Info.plist */ = {isa = PBXFileReference; lastKnownFileType = text.plist.xml; path = Info.plist; sourceTree = "<group>"; };
/* End PBXFileReference section */

/* Begin PBXFrameworksBuildPhase section */
		18F208D81F77D9BF00E3EBD1 /* Frameworks */ = {
			isa = PBXFrameworksBuildPhase;
			buildActionMask = 2147483647;
			files = (
			);
			runOnlyForDeploymentPostprocessing = 0;
		};
		18F208EC1F77D9C000E3EBD1 /* Frameworks */ = {
			isa = PBXFrameworksBuildPhase;
			buildActionMask = 2147483647;
			files = (
			);
			runOnlyForDeploymentPostprocessing = 0;
		};
		18F208F71F77D9C000E3EBD1 /* Frameworks */ = {
			isa = PBXFrameworksBuildPhase;
			buildActionMask = 2147483647;
			files = (
			);
			runOnlyForDeploymentPostprocessing = 0;
		};
/* End PBXFrameworksBuildPhase section */

/* Begin PBXGroup section */
		18F208D21F77D9BF00E3EBD1 = {
			isa = PBXGroup;
			children = (
				18F208DD1F77D9C000E3EBD1 /* Helloworld */,
				18F208F21F77D9C000E3EBD1 /* HelloworldTests */,
				18F208FD1F77D9C000E3EBD1 /* HelloworldUITests */,
				18F208DC1F77D9C000E3EBD1 /* Products */,
			);
			sourceTree = "<group>";
		};
		18F208DC1F77D9C000E3EBD1 /* Products */ = {
			isa = PBXGroup;
			children = (
				18F208DB1F77D9C000E3EBD1 /* Helloworld.app */,
				18F208EF1F77D9C000E3EBD1 /* HelloworldTests.xctest */,
				18F208FA1F77D9C000E3EBD1 /* HelloworldUITests.xctest */,
			);
			name = Products;
			sourceTree = "<group>";
		};
		18F208DD1F77D9C000E3EBD1 /* Helloworld */ = {
			isa = PBXGroup;
			children = (
				18F208DE1F77D9C000E3EBD1 /* AppDelegate.swift */,
				18F208E01F77D9C000E3EBD1 /* ViewController.swift */,
				18F208E21F77D9C000E3EBD1 /* Main.storyboard */,
				18F208E51F77D9C000E3EBD1 /* Assets.xcassets */,
				18F208E71F77D9C000E3EBD1 /* LaunchScreen.storyboard */,
				18F208EA1F77D9C000E3EBD1 /* Info.plist */,
			);
			path = Helloworld;
			sourceTree = "<group>";
		};
		18F208F21F77D9C000E3EBD1 /* HelloworldTests */ = {
			isa = PBXGroup;
			children = (
				18F208F31F77D9C000E3EBD1 /* HelloworldTests.swift */,
				18F208F51F77D9C000E3EBD1 /* Info.plist */,
			);
			path = HelloworldTests;
			sourceTree = "<group>";
		};
		18F208FD1F77D9C000E3EBD1 /* HelloworldUITests */ = {
			isa = PBXGroup;
			children = (
				18F208FE1F77D9C000E3EBD1 /* HelloworldUITests.swift */,
				18F209001F77D9C000E3EBD1 /* Info.plist */,
			);
			path = HelloworldUITests;
			sourceTree = "<group>";
		};
/* End PBXGroup section */

/* Begin PBXNativeTarget section */
		18F208DA1F77D9BF00E3EBD1 /* Helloworld */ = {
			isa = PBXNativeTarget;
			buildConfigurationList = 18F209031F77D9C000E3EBD1 /* Build configuration list for PBXNativeTarget "Helloworld" */;
			buildPhases = (
				18F208D71F77D9BF00E3EBD1 /* Sources */,
				18F208D81F77D9BF00E3EBD1 /* Frameworks */,
				18F208D91F77D9BF00E3EBD1 /* Resources */,
			);
			buildRules = (
			);
			dependencies = (
			);
			name = Helloworld;
			productName = Helloworld;
			productReference = 18F208DB1F77D9C000E3EBD1 /* Helloworld.app */;
			productType = "com.apple.product-type.application";
		};
		18F208EE1F77D9C000E3EBD1 /* HelloworldTests */ = {
			isa = PBXNativeTarget;
			buildConfigurationList = 18F209061F77D9C000E3EBD1 /* Build configuration list for PBXNativeTarget "HelloworldTests" */;
			buildPhases = (
				18F208EB1F77D9C000E3EBD1 /* Sources */,
				18F208EC1F77D9C000E3EBD1 /* Frameworks */,
				18F208ED1F77D9C000E3EBD1 /* Resources */,
			);
			buildRules = (
			);
			dependencies = (
				18F208F11F77D9C000E3EBD1 /* PBXTargetDependency */,
			);
			name = HelloworldTests;
			productName = HelloworldTests;
			productReference = 18F208EF1F77D9C000E3EBD1 /* HelloworldTests.xctest */;
			productType = "com.apple.product-type.bundle.unit-test";
		};
		18F208F91F77D9C000E3EBD1 /* HelloworldUITests */ = {
			isa = PBXNativeTarget;
			buildConfigurationList = 18F209091F77D9C000E3EBD1 /* Build configuration list for PBXNativeTarget "HelloworldUITests" */;
			buildPhases = (
				18F208F61F77D9C000E3EBD1 /* Sources */,
				18F208F71F77D9C000E3EBD1 /* Frameworks */,
				18F208F81F77D9C000E3EBD1 /* Resources */,
			);
			buildRules = (
			);
			dependencies = (
				18F208FC1F77D9C000E3EBD1 /* PBXTargetDependency */,
			);
			name = HelloworldUITests;
			productName = HelloworldUITests;
			productReference = 18F208FA1F77D9C000E3EBD1 /* HelloworldUITests.xctest */;
			productType = "com.apple.product-type.bundle.ui-testing";
		};
/* End PBXNativeTarget section */

/* Begin PBXProject section */
		18F208D31F77D9BF00E3EBD1 /* Project object */ = {
			isa = PBXProject;
			attributes = {
				LastSwiftUpdateCheck = 0830;
				LastUpgradeCheck = 0830;
				ORGANIZATIONNAME = nju;
				TargetAttributes = {
					18F208DA1F77D9BF00E3EBD1 = {
						CreatedOnToolsVersion = 8.3.3;
						ProvisioningStyle = Automatic;
					};
					18F208EE1F77D9C000E3EBD1 = {
						CreatedOnToolsVersion = 8.3.3;
						ProvisioningStyle = Automatic;
						TestTargetID = 18F208DA1F77D9BF00E3EBD1;
					};
					18F208F91F77D9C000E3EBD1 = {
						CreatedOnToolsVersion = 8.3.3;
						ProvisioningStyle = Automatic;
						TestTargetID = 18F208DA1F77D9BF00E3EBD1;
					};
				};
			};
			buildConfigurationList = 18F208D61F77D9BF00E3EBD1 /* Build configuration list for PBXProject "Helloworld" */;
			compatibilityVersion = "Xcode 3.2";
			developmentRegion = English;
			hasScannedForEncodings = 0;
			knownRegions = (
				en,
				Base,
			);
			mainGroup = 18F208D21F77D9BF00E3EBD1;
			productRefGroup = 18F208DC1F77D9C000E3EBD1 /* Products */;
			projectDirPath = "";
			projectRoot = "";
			targets = (
				18F208DA1F77D9BF00E3EBD1 /* Helloworld */,
				18F208EE1F77D9C000E3EBD1 /* HelloworldTests */,
				18F208F91F77D9C000E3EBD1 /* HelloworldUITests */,
			);
		};
/* End PBXProject section */

/* Begin PBXResourcesBuildPhase section */
		18F208D91F77D9BF00E3EBD1 /* Resources */ = {
			isa = PBXResourcesBuildPhase;
			buildActionMask = 2147483647;
			files = (
				18F208E91F77D9C000E3EBD1 /* LaunchScreen.storyboard in Resources */,
				18F208E61F77D9C000E3EBD1 /* Assets.xcassets in Resources */,
				18F208E41F77D9C000E3EBD1 /* Main.storyboard in Resources */,
			);
			runOnlyForDeploymentPostprocessing = 0;
		};
		18F208ED1F77D9C000E3EBD1 /* Resources */ = {
			isa = PBXResourcesBuildPhase;
			buildActionMask = 2147483647;
			files = (
			);
			runOnlyForDeploymentPostprocessing = 0;
		};
		18F208F81F77D9C000E3EBD1 /* Resources */ = {
			isa = PBXResourcesBuildPhase;
			buildActionMask = 2147483647;
			files = (
			);
			runOnlyForDeploymentPostprocessing = 0;
		};
/* End PBXResourcesBuildPhase section */

/* Begin PBXSourcesBuildPhase section */
		18F208D71F77D9BF00E3EBD1 /* Sources */ = {
			isa = PBXSourcesBuildPhase;
			buildActionMask = 2147483647;
			files = (
				18F208E11F77D9C000E3EBD1 /* ViewController.swift in Sources */,
				18F208DF1F77D9C000E3EBD1 /* AppDelegate.swift in Sources */,
			);
			runOnlyForDeploymentPostprocessing = 0;
		};
		18F208EB1F77D9C000E3EBD1 /* Sources */ = {
			isa = PBXSourcesBuildPhase;
			buildActionMask = 2147483647;
			files = (
				18F208F41F77D9C000E3EBD1 /* HelloworldTests.swift in Sources */,
			);
			runOnlyForDeploymentPostprocessing = 0;
		};
		18F208F61F77D9C000E3EBD1 /* Sources */ = {
			isa = PBXSourcesBuildPhase;
			buildActionMask = 2147483647;
			files = (
				18F208FF1F77D9C000E3EBD1 /* HelloworldUITests.swift in Sources */,
			);
			runOnlyForDeploymentPostprocessing = 0;
		};
/* End PBXSourcesBuildPhase section */

/* Begin PBXTargetDependency section */
		18F208F11F77D9C000E3EBD1 /* PBXTargetDependency */ = {
			isa = PBXTargetDependency;
			target = 18F208DA1F77D9BF00E3EBD1 /* Helloworld */;
			targetProxy = 18F208F01F77D9C000E3EBD1 /* PBXContainerItemProxy */;
		};
		18F208FC1F77D9C000E3EBD1 /* PBXTargetDependency */ = {
			isa = PBXTargetDependency;
			target = 18F208DA1F77D9BF00E3EBD1 /* Helloworld */;
			targetProxy = 18F208FB1F77D9C000E3EBD1 /* PBXContainerItemProxy */;
		};
/* End PBXTargetDependency section */

/* Begin PBXVariantGroup section */
		18F208E21F77D9C000E3EBD1 /* Main.storyboard */ = {
			isa = PBXVariantGroup;
			children = (
				18F208E31F77D9C000E3EBD1 /* Base */,
			);
			name = Main.storyboard;
			sourceTree = "<group>";
		};
		18F208E71F77D9C000E3EBD1 /* LaunchScreen.storyboard */ = {
			isa = PBXVariantGroup;
			children = (
				18F208E81F77D9C000E3EBD1 /* Base */,
			);
			name = LaunchScreen.storyboard;
			sourceTree = "<group>";
		};
/* End PBXVariantGroup section */

/* Begin XCBuildConfiguration section */
		18F209011F77D9C000E3EBD1 /* Debug */ = {
			isa = XCBuildConfiguration;
			buildSettings = {
				ALWAYS_SEARCH_USER_PATHS = NO;
				CLANG_ANALYZER_NONNULL = YES;
				CLANG_ANALYZER_NUMBER_OBJECT_CONVERSION = YES_AGGRESSIVE;
				CLANG_CXX_LANGUAGE_STANDARD = "gnu++0x";
				CLANG_CXX_LIBRARY = "libc++";
				CLANG_ENABLE_MODULES = YES;
				CLANG_ENABLE_OBJC_ARC = YES;
				CLANG_WARN_BOOL_CONVERSION = YES;
				CLANG_WARN_CONSTANT_CONVERSION = YES;
				CLANG_WARN_DIRECT_OBJC_ISA_USAGE = YES_ERROR;
				CLANG_WARN_DOCUMENTATION_COMMENTS = YES;
				CLANG_WARN_EMPTY_BODY = YES;
				CLANG_WARN_ENUM_CONVERSION = YES;
				CLANG_WARN_INFINITE_RECURSION = YES;
				CLANG_WARN_INT_CONVERSION = YES;
				CLANG_WARN_OBJC_ROOT_CLASS = YES_ERROR;
				CLANG_WARN_SUSPICIOUS_MOVE = YES;
				CLANG_WARN_UNREACHABLE_CODE = YES;
				CLANG_WARN__DUPLICATE_METHOD_MATCH = YES;
				"CODE_SIGN_IDENTITY[sdk=iphoneos*]" = "iPhone Developer";
				COPY_PHASE_STRIP = NO;
				DEBUG_INFORMATION_FORMAT = dwarf;
				ENABLE_STRICT_OBJC_MSGSEND = YES;
				ENABLE_TESTABILITY = YES;
				GCC_C_LANGUAGE_STANDARD = gnu99;
				GCC_DYNAMIC_NO_PIC = NO;
				GCC_NO_COMMON_BLOCKS = YES;
				GCC_OPTIMIZATION_LEVEL = 0;
				GCC_PREPROCESSOR_DEFINITIONS = (
					"DEBUG=1",
					"$(inherited)",
				);
				GCC_WARN_64_TO_32_BIT_CONVERSION = YES;
				GCC_WARN_ABOUT_RETURN_TYPE = YES_ERROR;
				GCC_WARN_UNDECLARED_SELECTOR = YES;
				GCC_WARN_UNINITIALIZED_AUTOS = YES_AGGRESSIVE;
				GCC_WARN_UNUSED_FUNCTION = YES;
				GCC_WARN_UNUSED_VARIABLE = YES;
				IPHONEOS_DEPLOYMENT_TARGET = 10.3;
				MTL_ENABLE_DEBUG_INFO = YES;
				ONLY_ACTIVE_ARCH = YES;
				SDKROOT = iphoneos;
				SWIFT_ACTIVE_COMPILATION_CONDITIONS = DEBUG;
				SWIFT_OPTIMIZATION_LEVEL = "-Onone";
				TARGETED_DEVICE_FAMILY = "1,2";
			};
			name = Debug;
		};
		18F209021F77D9C000E3EBD1 /* Release */ = {
			isa = XCBuildConfiguration;
			buildSettings = {
				ALWAYS_SEARCH_USER_PATHS = NO;
				CLANG_ANALYZER_NONNULL = YES;
				CLANG_ANALYZER_NUMBER_OBJECT_CONVERSION = YES_AGGRESSIVE;
				CLANG_CXX_LANGUAGE_STANDARD = "gnu++0x";
				CLANG_CXX_LIBRARY = "libc++";
				CLANG_ENABLE_MODULES = YES;
				CLANG_ENABLE_OBJC_ARC = YES;
				CLANG_WARN_BOOL_CONVERSION = YES;
				CLANG_WARN_CONSTANT_CONVERSION = YES;
				CLANG_WARN_DIRECT_OBJC_ISA_USAGE = YES_ERROR;
				CLANG_WARN_DOCUMENTATION_COMMENTS = YES;
				CLANG_WARN_EMPTY_BODY = YES;
				CLANG_WARN_ENUM_CONVERSION = YES;
				CLANG_WARN_INFINITE_RECURSION = YES;
				CLANG_WARN_INT_CONVERSION = YES;
				CLANG_WARN_OBJC_ROOT_CLASS = YES_ERROR;
				CLANG_WARN_SUSPICIOUS_MOVE = YES;
				CLANG_WARN_UNREACHABLE_CODE = YES;
				CLANG_WARN__DUPLICATE_METHOD_MATCH = YES;
				"CODE_SIGN_IDENTITY[sdk=iphoneos*]" = "iPhone Developer";
				COPY_PHASE_STRIP = NO;
				DEBUG_INFORMATION_FORMAT = "dwarf-with-dsym";
				ENABLE_NS_ASSERTIONS = NO;
				ENABLE_STRICT_OBJC_MSGSEND = YES;
				GCC_C_LANGUAGE_STANDARD = gnu99;
				GCC_NO_COMMON_BLOCKS = YES;
				GCC_WARN_64_TO_32_BIT_CONVERSION = YES;
				GCC_WARN_ABOUT_RETURN_TYPE = YES_ERROR;
				GCC_WARN_UNDECLARED_SELECTOR = YES;
				GCC_WARN_UNINITIALIZED_AUTOS = YES_AGGRESSIVE;
				GCC_WARN_UNUSED_FUNCTION = YES;
				GCC_WARN_UNUSED_VARIABLE = YES;
				IPHONEOS_DEPLOYMENT_TARGET = 10.3;
				MTL_ENABLE_DEBUG_INFO = NO;
				SDKROOT = iphoneos;
				SWIFT_OPTIMIZATION_LEVEL = "-Owholemodule";
				TARGETED_DEVICE_FAMILY = "1,2";
				VALIDATE_PRODUCT = YES;
			};
			name = Release;
		};
		18F209041F77D9C000E3EBD1 /* Debug */ = {
			isa = XCBuildConfiguration;
			buildSettings = {
				ASSETCATALOG_COMPILER_APPICON_NAME = AppIcon;
				INFOPLIST_FILE = Helloworld/Info.plist;
				LD_RUNPATH_SEARCH_PATHS = "$(inherited) @executable_path/Frameworks";
				PRODUCT_BUNDLE_IDENTIFIER = cn.edu.nju.Helloworld;
				PRODUCT_NAME = "$(TARGET_NAME)";
				SWIFT_VERSION = 3.0;
			};
			name = Debug;
		};
		18F209051F77D9C000E3EBD1 /* Release */ = {
			isa = XCBuildConfiguration;
			buildSettings = {
				ASSETCATALOG_COMPILER_APPICON_NAME = AppIcon;
				INFOPLIST_FILE = Helloworld/Info.plist;
				LD_RUNPATH_SEARCH_PATHS = "$(inherited) @executable_path/Frameworks";
				PRODUCT_BUNDLE_IDENTIFIER = cn.edu.nju.Helloworld;
				PRODUCT_NAME = "$(TARGET_NAME)";
				SWIFT_VERSION = 3.0;
			};
			name = Release;
		};
		18F209071F77D9C000E3EBD1 /* Debug */ = {
			isa = XCBuildConfiguration;
			buildSettings = {
				ALWAYS_EMBED_SWIFT_STANDARD_LIBRARIES = YES;
				BUNDLE_LOADER = "$(TEST_HOST)";
				INFOPLIST_FILE = HelloworldTests/Info.plist;
				LD_RUNPATH_SEARCH_PATHS = "$(inherited) @executable_path/Frameworks @loader_path/Frameworks";
				PRODUCT_BUNDLE_IDENTIFIER = cn.edu.nju.HelloworldTests;
				PRODUCT_NAME = "$(TARGET_NAME)";
				SWIFT_VERSION = 3.0;
				TEST_HOST = "$(BUILT_PRODUCTS_DIR)/Helloworld.app/Helloworld";
			};
			name = Debug;
		};
		18F209081F77D9C000E3EBD1 /* Release */ = {
			isa = XCBuildConfiguration;
			buildSettings = {
				ALWAYS_EMBED_SWIFT_STANDARD_LIBRARIES = YES;
				BUNDLE_LOADER = "$(TEST_HOST)";
				INFOPLIST_FILE = HelloworldTests/Info.plist;
				LD_RUNPATH_SEARCH_PATHS = "$(inherited) @executable_path/Frameworks @loader_path/Frameworks";
				PRODUCT_BUNDLE_IDENTIFIER = cn.edu.nju.HelloworldTests;
				PRODUCT_NAME = "$(TARGET_NAME)";
				SWIFT_VERSION = 3.0;
				TEST_HOST = "$(BUILT_PRODUCTS_DIR)/Helloworld.app/Helloworld";
			};
			name = Release;
		};
		18F2090A1F77D9C000E3EBD1 /* Debug */ = {
			isa = XCBuildConfiguration;
			buildSettings = {
				ALWAYS_EMBED_SWIFT_STANDARD_LIBRARIES = YES;
				INFOPLIST_FILE = HelloworldUITests/Info.plist;
				LD_RUNPATH_SEARCH_PATHS = "$(inherited) @executable_path/Frameworks @loader_path/Frameworks";
				PRODUCT_BUNDLE_IDENTIFIER = cn.edu.nju.HelloworldUITests;
				PRODUCT_NAME = "$(TARGET_NAME)";
				SWIFT_VERSION = 3.0;
				TEST_TARGET_NAME = Helloworld;
			};
			name = Debug;
		};
		18F2090B1F77D9C000E3EBD1 /* Release */ = {
			isa = XCBuildConfiguration;
			buildSettings = {
				ALWAYS_EMBED_SWIFT_STANDARD_LIBRARIES = YES;
				INFOPLIST_FILE = HelloworldUITests/Info.plist;
				LD_RUNPATH_SEARCH_PATHS = "$(inherited) @executable_path/Frameworks @loader_path/Frameworks";
				PRODUCT_BUNDLE_IDENTIFIER = cn.edu.nju.HelloworldUITests;
				PRODUCT_NAME = "$(TARGET_NAME)";
				SWIFT_VERSION = 3.0;
				TEST_TARGET_NAME = Helloworld;
			};
			name = Release;
		};
/* End XCBuildConfiguration section */

/* Begin XCConfigurationList section */
		18F208D61F77D9BF00E3EBD1 /* Build configuration list for PBXProject "Helloworld" */ = {
			isa = XCConfigurationList;
			buildConfigurations = (
				18F209011F77D9C000E3EBD1 /* Debug */,
				18F209021F77D9C000E3EBD1 /* Release */,
			);
			defaultConfigurationIsVisible = 0;
			defaultConfigurationName = Release;
		};
		18F209031F77D9C000E3EBD1 /* Build configuration list for PBXNativeTarget "Helloworld" */ = {
			isa = XCConfigurationList;
			buildConfigurations = (
				18F209041F77D9C000E3EBD1 /* Debug */,
				18F209051F77D9C000E3EBD1 /* Release */,
			);
			defaultConfigurationIsVisible = 0;
		};
		18F209061F77D9C000E3EBD1 /* Build configuration list for PBXNativeTarget "HelloworldTests" */ = {
			isa = XCConfigurationList;
			buildConfigurations = (
				18F209071F77D9C000E3EBD1 /* Debug */,
				18F209081F77D9C000E3EBD1 /* Release */,
			);
			defaultConfigurationIsVisible = 0;
		};
		18F209091F77D9C000E3EBD1 /* Build configuration list for PBXNativeTarget "HelloworldUITests" */ = {
			isa = XCConfigurationList;
			buildConfigurations = (
				18F2090A1F77D9C000E3EBD1 /* Debug */,
				18F2090B1F77D9C000E3EBD1 /* Release */,
			);
			defaultConfigurationIsVisible = 0;
		};
/* End XCConfigurationList section */
	};
	rootObject = 18F208D31F77D9BF00E3EBD1 /* Project object */;
}
