// !$*UTF8*$!
{
	archiveVersion = 1;
	classes = {
	};
	objectVersion = 46;
	objects = {

/* Begin PBXBuildFile section */
		18395F821F6FB77E00787AFD /* AppDelegate.swift in Sources */ = {isa = PBXBuildFile; fileRef = 18395F811F6FB77E00787AFD /* AppDelegate.swift */; };
		18395F841F6FB77E00787AFD /* ViewController.swift in Sources */ = {isa = PBXBuildFile; fileRef = 18395F831F6FB77E00787AFD /* ViewController.swift */; };
		18395F871F6FB77E00787AFD /* Main.storyboard in Resources */ = {isa = PBXBuildFile; fileRef = 18395F851F6FB77E00787AFD /* Main.storyboard */; };
		18395F891F6FB77E00787AFD /* Assets.xcassets in Resources */ = {isa = PBXBuildFile; fileRef = 18395F881F6FB77E00787AFD /* Assets.xcassets */; };
		18395F8C1F6FB77E00787AFD /* LaunchScreen.storyboard in Resources */ = {isa = PBXBuildFile; fileRef = 18395F8A1F6FB77E00787AFD /* LaunchScreen.storyboard */; };
/* End PBXBuildFile section */

/* Begin PBXFileReference section */
		18395F7E1F6FB77D00787AFD /* MyHello.app */ = {isa = PBXFileReference; explicitFileType = wrapper.application; includeInIndex = 0; path = MyHello.app; sourceTree = BUILT_PRODUCTS_DIR; };
		18395F811F6FB77E00787AFD /* AppDelegate.swift */ = {isa = PBXFileReference; lastKnownFileType = sourcecode.swift; path = AppDelegate.swift; sourceTree = "<group>"; };
		18395F831F6FB77E00787AFD /* ViewController.swift */ = {isa = PBXFileReference; lastKnownFileType = sourcecode.swift; path = ViewController.swift; sourceTree = "<group>"; };
		18395F861F6FB77E00787AFD /* Base */ = {isa = PBXFileReference; lastKnownFileType = file.storyboard; name = Base; path = Base.lproj/Main.storyboard; sourceTree = "<group>"; };
		18395F881F6FB77E00787AFD /* Assets.xcassets */ = {isa = PBXFileReference; lastKnownFileType = folder.assetcatalog; path = Assets.xcassets; sourceTree = "<group>"; };
		18395F8B1F6FB77E00787AFD /* Base */ = {isa = PBXFileReference; lastKnownFileType = file.storyboard; name = Base; path = Base.lproj/LaunchScreen.storyboard; sourceTree = "<group>"; };
		18395F8D1F6FB77E00787AFD /* Info.plist */ = {isa = PBXFileReference; lastKnownFileType = text.plist.xml; path = Info.plist; sourceTree = "<group>"; };
/* End PBXFileReference section */

/* Begin PBXFrameworksBuildPhase section */
		18395F7B1F6FB77D00787AFD /* Frameworks */ = {
			isa = PBXFrameworksBuildPhase;
			buildActionMask = 2147483647;
			files = (
			);
			runOnlyForDeploymentPostprocessing = 0;
		};
/* End PBXFrameworksBuildPhase section */

/* Begin PBXGroup section */
		18395F751F6FB77D00787AFD = {
			isa = PBXGroup;
			children = (
				18395F801F6FB77D00787AFD /* MyHello */,
				18395F7F1F6FB77D00787AFD /* Products */,
			);
			sourceTree = "<group>";
		};
		18395F7F1F6FB77D00787AFD /* Products */ = {
			isa = PBXGroup;
			children = (
				18395F7E1F6FB77D00787AFD /* MyHello.app */,
			);
			name = Products;
			sourceTree = "<group>";
		};
		18395F801F6FB77D00787AFD /* MyHello */ = {
			isa = PBXGroup;
			children = (
				18395F811F6FB77E00787AFD /* AppDelegate.swift */,
				18395F831F6FB77E00787AFD /* ViewController.swift */,
				18395F851F6FB77E00787AFD /* Main.storyboard */,
				18395F881F6FB77E00787AFD /* Assets.xcassets */,
				18395F8A1F6FB77E00787AFD /* LaunchScreen.storyboard */,
				18395F8D1F6FB77E00787AFD /* Info.plist */,
			);
			path = MyHello;
			sourceTree = "<group>";
		};
/* End PBXGroup section */

/* Begin PBXNativeTarget section */
		18395F7D1F6FB77D00787AFD /* MyHello */ = {
			isa = PBXNativeTarget;
			buildConfigurationList = 18395F901F6FB77E00787AFD /* Build configuration list for PBXNativeTarget "MyHello" */;
			buildPhases = (
				18395F7A1F6FB77D00787AFD /* Sources */,
				18395F7B1F6FB77D00787AFD /* Frameworks */,
				18395F7C1F6FB77D00787AFD /* Resources */,
			);
			buildRules = (
			);
			dependencies = (
			);
			name = MyHello;
			productName = MyHello;
			productReference = 18395F7E1F6FB77D00787AFD /* MyHello.app */;
			productType = "com.apple.product-type.application";
		};
/* End PBXNativeTarget section */

/* Begin PBXProject section */
		18395F761F6FB77D00787AFD /* Project object */ = {
			isa = PBXProject;
			attributes = {
				LastSwiftUpdateCheck = 0830;
				LastUpgradeCheck = 0830;
				ORGANIZATIONNAME = "future-vision ltd";
				TargetAttributes = {
					18395F7D1F6FB77D00787AFD = {
						CreatedOnToolsVersion = 8.3.3;
						ProvisioningStyle = Automatic;
					};
				};
			};
			buildConfigurationList = 18395F791F6FB77D00787AFD /* Build configuration list for PBXProject "MyHello" */;
			compatibilityVersion = "Xcode 3.2";
			developmentRegion = English;
			hasScannedForEncodings = 0;
			knownRegions = (
				en,
				Base,
			);
			mainGroup = 18395F751F6FB77D00787AFD;
			productRefGroup = 18395F7F1F6FB77D00787AFD /* Products */;
			projectDirPath = "";
			projectRoot = "";
			targets = (
				18395F7D1F6FB77D00787AFD /* MyHello */,
			);
		};
/* End PBXProject section */

/* Begin PBXResourcesBuildPhase section */
		18395F7C1F6FB77D00787AFD /* Resources */ = {
			isa = PBXResourcesBuildPhase;
			buildActionMask = 2147483647;
			files = (
				18395F8C1F6FB77E00787AFD /* LaunchScreen.storyboard in Resources */,
				18395F891F6FB77E00787AFD /* Assets.xcassets in Resources */,
				18395F871F6FB77E00787AFD /* Main.storyboard in Resources */,
			);
			runOnlyForDeploymentPostprocessing = 0;
		};
/* End PBXResourcesBuildPhase section */

/* Begin PBXSourcesBuildPhase section */
		18395F7A1F6FB77D00787AFD /* Sources */ = {
			isa = PBXSourcesBuildPhase;
			buildActionMask = 2147483647;
			files = (
				18395F841F6FB77E00787AFD /* ViewController.swift in Sources */,
				18395F821F6FB77E00787AFD /* AppDelegate.swift in Sources */,
			);
			runOnlyForDeploymentPostprocessing = 0;
		};
/* End PBXSourcesBuildPhase section */

/* Begin PBXVariantGroup section */
		18395F851F6FB77E00787AFD /* Main.storyboard */ = {
			isa = PBXVariantGroup;
			children = (
				18395F861F6FB77E00787AFD /* Base */,
			);
			name = Main.storyboard;
			sourceTree = "<group>";
		};
		18395F8A1F6FB77E00787AFD /* LaunchScreen.storyboard */ = {
			isa = PBXVariantGroup;
			children = (
				18395F8B1F6FB77E00787AFD /* Base */,
			);
			name = LaunchScreen.storyboard;
			sourceTree = "<group>";
		};
/* End PBXVariantGroup section */

/* Begin XCBuildConfiguration section */
		18395F8E1F6FB77E00787AFD /* Debug */ = {
			isa = XCBuildConfiguration;
			buildSettings = {
				ALWAYS_SEARCH_USER_PATHS = NO;
				CLANG_ANALYZER_NONNULL = YES;
				CLANG_ANALYZER_NUMBER_OBJECT_CONVERSION = YES_AGGRESSIVE;
				CLANG_CXX_LANGUAGE_STANDARD = "gnu++0x";
				CLANG_CXX_LIBRARY = "libc++";
				CLANG_ENABLE_MODULES = YES;
				CLANG_ENABLE_OBJC_ARC = YES;
				CLANG_WARN_BOOL_CONVERSION = YES;
				CLANG_WARN_CONSTANT_CONVERSION = YES;
				CLANG_WARN_DIRECT_OBJC_ISA_USAGE = YES_ERROR;
				CLANG_WARN_DOCUMENTATION_COMMENTS = YES;
				CLANG_WARN_EMPTY_BODY = YES;
				CLANG_WARN_ENUM_CONVERSION = YES;
				CLANG_WARN_INFINITE_RECURSION = YES;
				CLANG_WARN_INT_CONVERSION = YES;
				CLANG_WARN_OBJC_ROOT_CLASS = YES_ERROR;
				CLANG_WARN_SUSPICIOUS_MOVE = YES;
				CLANG_WARN_UNREACHABLE_CODE = YES;
				CLANG_WARN__DUPLICATE_METHOD_MATCH = YES;
				"CODE_SIGN_IDENTITY[sdk=iphoneos*]" = "iPhone Developer";
				COPY_PHASE_STRIP = NO;
				DEBUG_INFORMATION_FORMAT = dwarf;
				ENABLE_STRICT_OBJC_MSGSEND = YES;
				ENABLE_TESTABILITY = YES;
				GCC_C_LANGUAGE_STANDARD = gnu99;
				GCC_DYNAMIC_NO_PIC = NO;
				GCC_NO_COMMON_BLOCKS = YES;
				GCC_OPTIMIZATION_LEVEL = 0;
				GCC_PREPROCESSOR_DEFINITIONS = (
					"DEBUG=1",
					"$(inherited)",
				);
				GCC_WARN_64_TO_32_BIT_CONVERSION = YES;
				GCC_WARN_ABOUT_RETURN_TYPE = YES_ERROR;
				GCC_WARN_UNDECLARED_SELECTOR = YES;
				GCC_WARN_UNINITIALIZED_AUTOS = YES_AGGRESSIVE;
				GCC_WARN_UNUSED_FUNCTION = YES;
				GCC_WARN_UNUSED_VARIABLE = YES;
				IPHONEOS_DEPLOYMENT_TARGET = 10.3;
				MTL_ENABLE_DEBUG_INFO = YES;
				ONLY_ACTIVE_ARCH = YES;
				SDKROOT = iphoneos;
				SWIFT_ACTIVE_COMPILATION_CONDITIONS = DEBUG;
				SWIFT_OPTIMIZATION_LEVEL = "-Onone";
				TARGETED_DEVICE_FAMILY = "1,2";
			};
			name = Debug;
		};
		18395F8F1F6FB77E00787AFD /* Release */ = {
			isa = XCBuildConfiguration;
			buildSettings = {
				ALWAYS_SEARCH_USER_PATHS = NO;
				CLANG_ANALYZER_NONNULL = YES;
				CLANG_ANALYZER_NUMBER_OBJECT_CONVERSION = YES_AGGRESSIVE;
				CLANG_CXX_LANGUAGE_STANDARD = "gnu++0x";
				CLANG_CXX_LIBRARY = "libc++";
				CLANG_ENABLE_MODULES = YES;
				CLANG_ENABLE_OBJC_ARC = YES;
				CLANG_WARN_BOOL_CONVERSION = YES;
				CLANG_WARN_CONSTANT_CONVERSION = YES;
				CLANG_WARN_DIRECT_OBJC_ISA_USAGE = YES_ERROR;
				CLANG_WARN_DOCUMENTATION_COMMENTS = YES;
				CLANG_WARN_EMPTY_BODY = YES;
				CLANG_WARN_ENUM_CONVERSION = YES;
				CLANG_WARN_INFINITE_RECURSION = YES;
				CLANG_WARN_INT_CONVERSION = YES;
				CLANG_WARN_OBJC_ROOT_CLASS = YES_ERROR;
				CLANG_WARN_SUSPICIOUS_MOVE = YES;
				CLANG_WARN_UNREACHABLE_CODE = YES;
				CLANG_WARN__DUPLICATE_METHOD_MATCH = YES;
				"CODE_SIGN_IDENTITY[sdk=iphoneos*]" = "iPhone Developer";
				COPY_PHASE_STRIP = NO;
				DEBUG_INFORMATION_FORMAT = "dwarf-with-dsym";
				ENABLE_NS_ASSERTIONS = NO;
				ENABLE_STRICT_OBJC_MSGSEND = YES;
				GCC_C_LANGUAGE_STANDARD = gnu99;
				GCC_NO_COMMON_BLOCKS = YES;
				GCC_WARN_64_TO_32_BIT_CONVERSION = YES;
				GCC_WARN_ABOUT_RETURN_TYPE = YES_ERROR;
				GCC_WARN_UNDECLARED_SELECTOR = YES;
				GCC_WARN_UNINITIALIZED_AUTOS = YES_AGGRESSIVE;
				GCC_WARN_UNUSED_FUNCTION = YES;
				GCC_WARN_UNUSED_VARIABLE = YES;
				IPHONEOS_DEPLOYMENT_TARGET = 10.3;
				MTL_ENABLE_DEBUG_INFO = NO;
				SDKROOT = iphoneos;
				SWIFT_OPTIMIZATION_LEVEL = "-Owholemodule";
				TARGETED_DEVICE_FAMILY = "1,2";
				VALIDATE_PRODUCT = YES;
			};
			name = Release;
		};
		18395F911F6FB77E00787AFD /* Debug */ = {
			isa = XCBuildConfiguration;
			buildSettings = {
				ASSETCATALOG_COMPILER_APPICON_NAME = AppIcon;
				INFOPLIST_FILE = MyHello/Info.plist;
				LD_RUNPATH_SEARCH_PATHS = "$(inherited) @executable_path/Frameworks";
				PRODUCT_BUNDLE_IDENTIFIER = "com.future-vsion.MyHello";
				PRODUCT_NAME = "$(TARGET_NAME)";
				SWIFT_VERSION = 3.0;
			};
			name = Debug;
		};
		18395F921F6FB77E00787AFD /* Release */ = {
			isa = XCBuildConfiguration;
			buildSettings = {
				ASSETCATALOG_COMPILER_APPICON_NAME = AppIcon;
				INFOPLIST_FILE = MyHello/Info.plist;
				LD_RUNPATH_SEARCH_PATHS = "$(inherited) @executable_path/Frameworks";
				PRODUCT_BUNDLE_IDENTIFIER = "com.future-vsion.MyHello";
				PRODUCT_NAME = "$(TARGET_NAME)";
				SWIFT_VERSION = 3.0;
			};
			name = Release;
		};
/* End XCBuildConfiguration section */

/* Begin XCConfigurationList section */
		18395F791F6FB77D00787AFD /* Build configuration list for PBXProject "MyHello" */ = {
			isa = XCConfigurationList;
			buildConfigurations = (
				18395F8E1F6FB77E00787AFD /* Debug */,
				18395F8F1F6FB77E00787AFD /* Release */,
			);
			defaultConfigurationIsVisible = 0;
			defaultConfigurationName = Release;
		};
		18395F901F6FB77E00787AFD /* Build configuration list for PBXNativeTarget "MyHello" */ = {
			isa = XCConfigurationList;
			buildConfigurations = (
				18395F911F6FB77E00787AFD /* Debug */,
				18395F921F6FB77E00787AFD /* Release */,
			);
			defaultConfigurationIsVisible = 0;
		};
/* End XCConfigurationList section */
	};
	rootObject = 18395F761F6FB77D00787AFD /* Project object */;
}
